
Microsoft Visual Studio Solution File, Format Version 12.00
# Visual Studio Version 16
VisualStudioVersion = 25.0.1704.4
MinimumVisualStudioVersion = 10.0.40219.1
Project("{FAE04EC0-301F-11D3-BF4B-00C04F79EFBC}") = "MobiHymn2.Android", "MobiHymn2\MobiHymn2.Android\MobiHymn2.Android.csproj", "{D566F9D9-9D20-42E8-8947-F65A1DD77834}"
EndProject
Project("{FAE04EC0-301F-11D3-BF4B-00C04F79EFBC}") = "MobiHymn2.iOS", "MobiHymn2\MobiHymn2.iOS\MobiHymn2.iOS.csproj", "{3C46D6F8-421F-4AF9-A0CC-1F4CA6FB0FFB}"
EndProject
Project("{FAE04EC0-301F-11D3-BF4B-00C04F79EFBC}") = "MobiHymn2", "MobiHymn2\MobiHymn2\MobiHymn2.csproj", "{9F96E372-C00C-41F3-BFCF-0AF3C238D265}"
EndProject
Global
	GlobalSection(SolutionConfigurationPlatforms) = preSolution
		Debug|Any CPU = Debug|Any CPU
		Release|Any CPU = Release|Any CPU
		Debug|iPhoneSimulator = Debug|iPhoneSimulator
		Release|iPhoneSimulator = Release|iPhoneSimulator
		Debug|iPhone = Debug|iPhone
		Release|iPhone = Release|iPhone
		Google Play|iPhoneSimulator = Google Play|iPhoneSimulator
	EndGlobalSection
	GlobalSection(ProjectConfigurationPlatforms) = postSolution
		{D566F9D9-9D20-42E8-8947-F65A1DD77834}.Debug|Any CPU.ActiveCfg = Debug|Any CPU
		{D566F9D9-9D20-42E8-8947-F65A1DD77834}.Debug|Any CPU.Build.0 = Debug|Any CPU
		{D566F9D9-9D20-42E8-8947-F65A1DD77834}.Release|Any CPU.ActiveCfg = Release|Any CPU
		{D566F9D9-9D20-42E8-8947-F65A1DD77834}.Release|Any CPU.Build.0 = Release|Any CPU
		{D566F9D9-9D20-42E8-8947-F65A1DD77834}.Debug|iPhoneSimulator.ActiveCfg = Debug|Any CPU
		{D566F9D9-9D20-42E8-8947-F65A1DD77834}.Debug|iPhoneSimulator.Build.0 = Debug|Any CPU
		{D566F9D9-9D20-42E8-8947-F65A1DD77834}.Release|iPhoneSimulator.ActiveCfg = Release|Any CPU
		{D566F9D9-9D20-42E8-8947-F65A1DD77834}.Release|iPhoneSimulator.Build.0 = Release|Any CPU
		{D566F9D9-9D20-42E8-8947-F65A1DD77834}.Debug|iPhone.ActiveCfg = Debug|Any CPU
		{D566F9D9-9D20-42E8-8947-F65A1DD77834}.Debug|iPhone.Build.0 = Debug|Any CPU
		{D566F9D9-9D20-42E8-8947-F65A1DD77834}.Release|iPhone.ActiveCfg = Release|Any CPU
		{D566F9D9-9D20-42E8-8947-F65A1DD77834}.Release|iPhone.Build.0 = Release|Any CPU
		{D566F9D9-9D20-42E8-8947-F65A1DD77834}.Google Play|iPhoneSimulator.ActiveCfg = Debug|Any CPU
		{D566F9D9-9D20-42E8-8947-F65A1DD77834}.Google Play|iPhoneSimulator.Build.0 = Debug|Any CPU
		{3C46D6F8-421F-4AF9-A0CC-1F4CA6FB0FFB}.Debug|Any CPU.ActiveCfg = Debug|iPhoneSimulator
		{3C46D6F8-421F-4AF9-A0CC-1F4CA6FB0FFB}.Debug|Any CPU.Build.0 = Debug|iPhoneSimulator
		{3C46D6F8-421F-4AF9-A0CC-1F4CA6FB0FFB}.Release|Any CPU.ActiveCfg = Release|iPhoneSimulator
		{3C46D6F8-421F-4AF9-A0CC-1F4CA6FB0FFB}.Release|Any CPU.Build.0 = Release|iPhoneSimulator
		{3C46D6F8-421F-4AF9-A0CC-1F4CA6FB0FFB}.Debug|iPhoneSimulator.ActiveCfg = Debug|iPhoneSimulator
		{3C46D6F8-421F-4AF9-A0CC-1F4CA6FB0FFB}.Debug|iPhoneSimulator.Build.0 = Debug|iPhoneSimulator
		{3C46D6F8-421F-4AF9-A0CC-1F4CA6FB0FFB}.Release|iPhoneSimulator.ActiveCfg = Release|iPhoneSimulator
		{3C46D6F8-421F-4AF9-A0CC-1F4CA6FB0FFB}.Release|iPhoneSimulator.Build.0 = Release|iPhoneSimulator
		{3C46D6F8-421F-4AF9-A0CC-1F4CA6FB0FFB}.Debug|iPhone.ActiveCfg = Debug|iPhone
		{3C46D6F8-421F-4AF9-A0CC-1F4CA6FB0FFB}.Debug|iPhone.Build.0 = Debug|iPhone
		{3C46D6F8-421F-4AF9-A0CC-1F4CA6FB0FFB}.Release|iPhone.ActiveCfg = Release|iPhone
		{3C46D6F8-421F-4AF9-A0CC-1F4CA6FB0FFB}.Release|iPhone.Build.0 = Release|iPhone
		{3C46D6F8-421F-4AF9-A0CC-1F4CA6FB0FFB}.Google Play|iPhoneSimulator.ActiveCfg = Debug|iPhoneSimulator
		{3C46D6F8-421F-4AF9-A0CC-1F4CA6FB0FFB}.Google Play|iPhoneSimulator.Build.0 = Debug|iPhoneSimulator
		{9F96E372-C00C-41F3-BFCF-0AF3C238D265}.Debug|Any CPU.ActiveCfg = Debug|Any CPU
		{9F96E372-C00C-41F3-BFCF-0AF3C238D265}.Debug|Any CPU.Build.0 = Debug|Any CPU
		{9F96E372-C00C-41F3-BFCF-0AF3C238D265}.Release|Any CPU.ActiveCfg = Release|Any CPU
		{9F96E372-C00C-41F3-BFCF-0AF3C238D265}.Release|Any CPU.Build.0 = Release|Any CPU
		{9F96E372-C00C-41F3-BFCF-0AF3C238D265}.Debug|iPhoneSimulator.ActiveCfg = Debug|Any CPU
		{9F96E372-C00C-41F3-BFCF-0AF3C238D265}.Debug|iPhoneSimulator.Build.0 = Debug|Any CPU
		{9F96E372-C00C-41F3-BFCF-0AF3C238D265}.Release|iPhoneSimulator.ActiveCfg = Release|Any CPU
		{9F96E372-C00C-41F3-BFCF-0AF3C238D265}.Release|iPhoneSimulator.Build.0 = Release|Any CPU
		{9F96E372-C00C-41F3-BFCF-0AF3C238D265}.Debug|iPhone.ActiveCfg = Debug|Any CPU
		{9F96E372-C00C-41F3-BFCF-0AF3C238D265}.Debug|iPhone.Build.0 = Debug|Any CPU
		{9F96E372-C00C-41F3-BFCF-0AF3C238D265}.Release|iPhone.ActiveCfg = Release|Any CPU
		{9F96E372-C00C-41F3-BFCF-0AF3C238D265}.Release|iPhone.Build.0 = Release|Any CPU
		{9F96E372-C00C-41F3-BFCF-0AF3C238D265}.Google Play|iPhoneSimulator.ActiveCfg = Debug|Any CPU
		{9F96E372-C00C-41F3-BFCF-0AF3C238D265}.Google Play|iPhoneSimulator.Build.0 = Debug|Any CPU
	EndGlobalSection
	GlobalSection(SolutionProperties) = preSolution
		HideSolutionNode = FALSE
	EndGlobalSection
	GlobalSection(ExtensibilityGlobals) = postSolution
		SolutionGuid = {B530415D-79C3-4514-9988-1FE44DA57B25}
	EndGlobalSection
EndGlobal
