
Microsoft Visual Studio Solution File, Format Version 12.00
# Visual Studio Version 16
VisualStudioVersion = 25.0.1706.0
MinimumVisualStudioVersion = 10.0.40219.1
Project("{FAE04EC0-301F-11D3-BF4B-00C04F79EFBC}") = "MobiHymn4.Android", "MobiHymn4\MobiHymn4.Android\MobiHymn4.Android.csproj", "{9B796650-CBAE-4D94-A314-8F7CF818B9F7}"
EndProject
Project("{FAE04EC0-301F-11D3-BF4B-00C04F79EFBC}") = "MobiHymn4.iOS", "MobiHymn4\MobiHymn4.iOS\MobiHymn4.iOS.csproj", "{E9112989-AB51-4248-853E-994827CF7F96}"
EndProject
Project("{FAE04EC0-301F-11D3-BF4B-00C04F79EFBC}") = "MobiHymn4", "MobiHymn4\MobiHymn4\MobiHymn4.csproj", "{6DEE28B3-5084-46C0-B10B-D2BE6C3E2E96}"
EndProject
Project("{FAE04EC0-301F-11D3-BF4B-00C04F79EFBC}") = "MidiPlayer.FluidSynth", "..\..\Documents\Repos\midiplayer\MidiPlayer.FluidSynth\MidiPlayer.FluidSynth.csproj", "{86CE1E94-4227-4C8F-92E1-8A72353C7AC0}"
EndProject
Project("{FAE04EC0-301F-11D3-BF4B-00C04F79EFBC}") = "MidiPlayer.Midi", "..\..\Documents\Repos\midiplayer\MidiPlayer.Midi\MidiPlayer.Midi.csproj", "{AA2BDDFA-2686-4317-B73F-FDE21D71C257}"
EndProject
Project("{FAE04EC0-301F-11D3-BF4B-00C04F79EFBC}") = "MidiPlayer.SoundFont", "..\..\Documents\Repos\midiplayer\MidiPlayer.SoundFont\MidiPlayer.SoundFont.csproj", "{C9585444-6196-4280-8129-AC950C16A5CA}"
EndProject
Global
	GlobalSection(SolutionConfigurationPlatforms) = preSolution
		Debug|Any CPU = Debug|Any CPU
		Release|Any CPU = Release|Any CPU
		Debug|iPhoneSimulator = Debug|iPhoneSimulator
		Release|iPhoneSimulator = Release|iPhoneSimulator
		Debug|iPhone = Debug|iPhone
		Release|iPhone = Release|iPhone
	EndGlobalSection
	GlobalSection(ProjectConfigurationPlatforms) = postSolution
		{9B796650-CBAE-4D94-A314-8F7CF818B9F7}.Debug|Any CPU.ActiveCfg = Debug|Any CPU
		{9B796650-CBAE-4D94-A314-8F7CF818B9F7}.Debug|Any CPU.Build.0 = Debug|Any CPU
		{9B796650-CBAE-4D94-A314-8F7CF818B9F7}.Release|Any CPU.ActiveCfg = Release|Any CPU
		{9B796650-CBAE-4D94-A314-8F7CF818B9F7}.Release|Any CPU.Build.0 = Release|Any CPU
		{9B796650-CBAE-4D94-A314-8F7CF818B9F7}.Debug|iPhoneSimulator.ActiveCfg = Debug|Any CPU
		{9B796650-CBAE-4D94-A314-8F7CF818B9F7}.Debug|iPhoneSimulator.Build.0 = Debug|Any CPU
		{9B796650-CBAE-4D94-A314-8F7CF818B9F7}.Release|iPhoneSimulator.ActiveCfg = Release|Any CPU
		{9B796650-CBAE-4D94-A314-8F7CF818B9F7}.Release|iPhoneSimulator.Build.0 = Release|Any CPU
		{9B796650-CBAE-4D94-A314-8F7CF818B9F7}.Debug|iPhone.ActiveCfg = Debug|Any CPU
		{9B796650-CBAE-4D94-A314-8F7CF818B9F7}.Debug|iPhone.Build.0 = Debug|Any CPU
		{9B796650-CBAE-4D94-A314-8F7CF818B9F7}.Release|iPhone.ActiveCfg = Release|Any CPU
		{9B796650-CBAE-4D94-A314-8F7CF818B9F7}.Release|iPhone.Build.0 = Release|Any CPU
		{E9112989-AB51-4248-853E-994827CF7F96}.Debug|Any CPU.ActiveCfg = Debug|iPhoneSimulator
		{E9112989-AB51-4248-853E-994827CF7F96}.Debug|Any CPU.Build.0 = Debug|iPhoneSimulator
		{E9112989-AB51-4248-853E-994827CF7F96}.Release|Any CPU.ActiveCfg = Release|iPhoneSimulator
		{E9112989-AB51-4248-853E-994827CF7F96}.Release|Any CPU.Build.0 = Release|iPhoneSimulator
		{E9112989-AB51-4248-853E-994827CF7F96}.Debug|iPhoneSimulator.ActiveCfg = Debug|iPhoneSimulator
		{E9112989-AB51-4248-853E-994827CF7F96}.Debug|iPhoneSimulator.Build.0 = Debug|iPhoneSimulator
		{E9112989-AB51-4248-853E-994827CF7F96}.Release|iPhoneSimulator.ActiveCfg = Release|iPhoneSimulator
		{E9112989-AB51-4248-853E-994827CF7F96}.Release|iPhoneSimulator.Build.0 = Release|iPhoneSimulator
		{E9112989-AB51-4248-853E-994827CF7F96}.Debug|iPhone.ActiveCfg = Debug|iPhone
		{E9112989-AB51-4248-853E-994827CF7F96}.Debug|iPhone.Build.0 = Debug|iPhone
		{E9112989-AB51-4248-853E-994827CF7F96}.Release|iPhone.ActiveCfg = Release|iPhone
		{E9112989-AB51-4248-853E-994827CF7F96}.Release|iPhone.Build.0 = Release|iPhone
		{6DEE28B3-5084-46C0-B10B-D2BE6C3E2E96}.Debug|Any CPU.ActiveCfg = Debug|Any CPU
		{6DEE28B3-5084-46C0-B10B-D2BE6C3E2E96}.Debug|Any CPU.Build.0 = Debug|Any CPU
		{6DEE28B3-5084-46C0-B10B-D2BE6C3E2E96}.Release|Any CPU.ActiveCfg = Release|Any CPU
		{6DEE28B3-5084-46C0-B10B-D2BE6C3E2E96}.Release|Any CPU.Build.0 = Release|Any CPU
		{6DEE28B3-5084-46C0-B10B-D2BE6C3E2E96}.Debug|iPhoneSimulator.ActiveCfg = Debug|Any CPU
		{6DEE28B3-5084-46C0-B10B-D2BE6C3E2E96}.Debug|iPhoneSimulator.Build.0 = Debug|Any CPU
		{6DEE28B3-5084-46C0-B10B-D2BE6C3E2E96}.Release|iPhoneSimulator.ActiveCfg = Release|Any CPU
		{6DEE28B3-5084-46C0-B10B-D2BE6C3E2E96}.Release|iPhoneSimulator.Build.0 = Release|Any CPU
		{6DEE28B3-5084-46C0-B10B-D2BE6C3E2E96}.Debug|iPhone.ActiveCfg = Debug|Any CPU
		{6DEE28B3-5084-46C0-B10B-D2BE6C3E2E96}.Debug|iPhone.Build.0 = Debug|Any CPU
		{6DEE28B3-5084-46C0-B10B-D2BE6C3E2E96}.Release|iPhone.ActiveCfg = Release|Any CPU
		{6DEE28B3-5084-46C0-B10B-D2BE6C3E2E96}.Release|iPhone.Build.0 = Release|Any CPU
		{86CE1E94-4227-4C8F-92E1-8A72353C7AC0}.Debug|Any CPU.ActiveCfg = Debug|Any CPU
		{86CE1E94-4227-4C8F-92E1-8A72353C7AC0}.Debug|Any CPU.Build.0 = Debug|Any CPU
		{86CE1E94-4227-4C8F-92E1-8A72353C7AC0}.Release|Any CPU.ActiveCfg = Release|Any CPU
		{86CE1E94-4227-4C8F-92E1-8A72353C7AC0}.Release|Any CPU.Build.0 = Release|Any CPU
		{86CE1E94-4227-4C8F-92E1-8A72353C7AC0}.Debug|iPhoneSimulator.ActiveCfg = Debug|Any CPU
		{86CE1E94-4227-4C8F-92E1-8A72353C7AC0}.Debug|iPhoneSimulator.Build.0 = Debug|Any CPU
		{86CE1E94-4227-4C8F-92E1-8A72353C7AC0}.Release|iPhoneSimulator.ActiveCfg = Release|Any CPU
		{86CE1E94-4227-4C8F-92E1-8A72353C7AC0}.Release|iPhoneSimulator.Build.0 = Release|Any CPU
		{86CE1E94-4227-4C8F-92E1-8A72353C7AC0}.Debug|iPhone.ActiveCfg = Debug|Any CPU
		{86CE1E94-4227-4C8F-92E1-8A72353C7AC0}.Debug|iPhone.Build.0 = Debug|Any CPU
		{86CE1E94-4227-4C8F-92E1-8A72353C7AC0}.Release|iPhone.ActiveCfg = Release|Any CPU
		{86CE1E94-4227-4C8F-92E1-8A72353C7AC0}.Release|iPhone.Build.0 = Release|Any CPU
		{AA2BDDFA-2686-4317-B73F-FDE21D71C257}.Debug|Any CPU.ActiveCfg = Debug|Any CPU
		{AA2BDDFA-2686-4317-B73F-FDE21D71C257}.Debug|Any CPU.Build.0 = Debug|Any CPU
		{AA2BDDFA-2686-4317-B73F-FDE21D71C257}.Release|Any CPU.ActiveCfg = Release|Any CPU
		{AA2BDDFA-2686-4317-B73F-FDE21D71C257}.Release|Any CPU.Build.0 = Release|Any CPU
		{AA2BDDFA-2686-4317-B73F-FDE21D71C257}.Debug|iPhoneSimulator.ActiveCfg = Debug|Any CPU
		{AA2BDDFA-2686-4317-B73F-FDE21D71C257}.Debug|iPhoneSimulator.Build.0 = Debug|Any CPU
		{AA2BDDFA-2686-4317-B73F-FDE21D71C257}.Release|iPhoneSimulator.ActiveCfg = Release|Any CPU
		{AA2BDDFA-2686-4317-B73F-FDE21D71C257}.Release|iPhoneSimulator.Build.0 = Release|Any CPU
		{AA2BDDFA-2686-4317-B73F-FDE21D71C257}.Debug|iPhone.ActiveCfg = Debug|Any CPU
		{AA2BDDFA-2686-4317-B73F-FDE21D71C257}.Debug|iPhone.Build.0 = Debug|Any CPU
		{AA2BDDFA-2686-4317-B73F-FDE21D71C257}.Release|iPhone.ActiveCfg = Release|Any CPU
		{AA2BDDFA-2686-4317-B73F-FDE21D71C257}.Release|iPhone.Build.0 = Release|Any CPU
		{C9585444-6196-4280-8129-AC950C16A5CA}.Debug|Any CPU.ActiveCfg = Debug|Any CPU
		{C9585444-6196-4280-8129-AC950C16A5CA}.Debug|Any CPU.Build.0 = Debug|Any CPU
		{C9585444-6196-4280-8129-AC950C16A5CA}.Release|Any CPU.ActiveCfg = Release|Any CPU
		{C9585444-6196-4280-8129-AC950C16A5CA}.Release|Any CPU.Build.0 = Release|Any CPU
		{C9585444-6196-4280-8129-AC950C16A5CA}.Debug|iPhoneSimulator.ActiveCfg = Debug|Any CPU
		{C9585444-6196-4280-8129-AC950C16A5CA}.Debug|iPhoneSimulator.Build.0 = Debug|Any CPU
		{C9585444-6196-4280-8129-AC950C16A5CA}.Release|iPhoneSimulator.ActiveCfg = Release|Any CPU
		{C9585444-6196-4280-8129-AC950C16A5CA}.Release|iPhoneSimulator.Build.0 = Release|Any CPU
		{C9585444-6196-4280-8129-AC950C16A5CA}.Debug|iPhone.ActiveCfg = Debug|Any CPU
		{C9585444-6196-4280-8129-AC950C16A5CA}.Debug|iPhone.Build.0 = Debug|Any CPU
		{C9585444-6196-4280-8129-AC950C16A5CA}.Release|iPhone.ActiveCfg = Release|Any CPU
		{C9585444-6196-4280-8129-AC950C16A5CA}.Release|iPhone.Build.0 = Release|Any CPU
	EndGlobalSection
	GlobalSection(SolutionProperties) = preSolution
		HideSolutionNode = FALSE
	EndGlobalSection
	GlobalSection(ExtensibilityGlobals) = postSolution
		SolutionGuid = {1790825E-D58F-49C4-BDA0-B595D88D9DCA}
	EndGlobalSection
EndGlobal
